
Microsoft Visual Studio Solution File, Format Version 12.00
# Visual Studio Version 16
VisualStudioVersion = 16.0.29326.143
MinimumVisualStudioVersion = 10.0.40219.1
Project("{FAE04EC0-301F-11D3-BF4B-00C04F79EFBC}") = "Counting up once more", "Counting up once more\Counting up once more.csproj", "{E2FE0540-97A3-4FBC-A1F5-4F62CD1046A5}"
EndProject
Global
	GlobalSection(SolutionConfigurationPlatforms) = preSolution
		Debug|Any CPU = Debug|Any CPU
		Release|Any CPU = Release|Any CPU
	EndGlobalSection
	GlobalSection(ProjectConfigurationPlatforms) = postSolution
		{E2FE0540-97A3-4FBC-A1F5-4F62CD1046A5}.Debug|Any CPU.ActiveCfg = Debug|Any CPU
		{E2FE0540-97A3-4FBC-A1F5-4F62CD1046A5}.Debug|Any CPU.Build.0 = Debug|Any CPU
		{E2FE0540-97A3-4FBC-A1F5-4F62CD1046A5}.Release|Any CPU.ActiveCfg = Release|Any CPU
		{E2FE0540-97A3-4FBC-A1F5-4F62CD1046A5}.Release|Any CPU.Build.0 = Release|Any CPU
	EndGlobalSection
	GlobalSection(SolutionProperties) = preSolution
		HideSolutionNode = FALSE
	EndGlobalSection
	GlobalSection(ExtensibilityGlobals) = postSolution
		SolutionGuid = {6CB25518-659A-4CC3-94C7-A2C12225F3D7}
	EndGlobalSection
EndGlobal
